
Microsoft Visual Studio Solution File, Format Version 12.00
# Visual Studio Version 16
VisualStudioVersion = 16.0.31624.102
MinimumVisualStudioVersion = 10.0.40219.1
Project("{9A19103F-16F7-4668-BE54-9A1E7A4F7556}") = "cohesionChallenge", "cohesionChallenge\cohesionChallenge.csproj", "{E7A458D1-5F43-42ED-AF24-4424DC585AC7}"
EndProject
Project("{9A19103F-16F7-4668-BE54-9A1E7A4F7556}") = "cohesionChallengeTests", "cohesionChallengeTests\cohesionChallengeTests.csproj", "{65D538C1-1FCB-434C-B001-98AC96FBFE8D}"
EndProject
Global
	GlobalSection(SolutionConfigurationPlatforms) = preSolution
		Debug|Any CPU = Debug|Any CPU
		Release|Any CPU = Release|Any CPU
	EndGlobalSection
	GlobalSection(ProjectConfigurationPlatforms) = postSolution
		{E7A458D1-5F43-42ED-AF24-4424DC585AC7}.Debug|Any CPU.ActiveCfg = Debug|Any CPU
		{E7A458D1-5F43-42ED-AF24-4424DC585AC7}.Debug|Any CPU.Build.0 = Debug|Any CPU
		{E7A458D1-5F43-42ED-AF24-4424DC585AC7}.Release|Any CPU.ActiveCfg = Release|Any CPU
		{E7A458D1-5F43-42ED-AF24-4424DC585AC7}.Release|Any CPU.Build.0 = Release|Any CPU
		{65D538C1-1FCB-434C-B001-98AC96FBFE8D}.Debug|Any CPU.ActiveCfg = Debug|Any CPU
		{65D538C1-1FCB-434C-B001-98AC96FBFE8D}.Debug|Any CPU.Build.0 = Debug|Any CPU
		{65D538C1-1FCB-434C-B001-98AC96FBFE8D}.Release|Any CPU.ActiveCfg = Release|Any CPU
		{65D538C1-1FCB-434C-B001-98AC96FBFE8D}.Release|Any CPU.Build.0 = Release|Any CPU
	EndGlobalSection
	GlobalSection(SolutionProperties) = preSolution
		HideSolutionNode = FALSE
	EndGlobalSection
	GlobalSection(ExtensibilityGlobals) = postSolution
		SolutionGuid = {819B3B3B-E3C3-418D-B3CC-DA5727AD4EC0}
	EndGlobalSection
EndGlobal
